
Microsoft Visual Studio Solution File, Format Version 12.00
# Visual Studio Version 18
VisualStudioVersion = 18.0.11012.119
MinimumVisualStudioVersion = 10.0.40219.1
Project("{FAE04EC0-301F-11D3-BF4B-00C04F79EFBC}") = "WebBackup", "WebBackup\WebBackup.csproj", "{7E19D255-31A8-4EC0-8C7A-8F1727D8B8C0}"
EndProject
Project("{FAE04EC0-301F-11D3-BF4B-00C04F79EFBC}") = "OfficialBoardMailing", "OfficialBoardMailing\OfficialBoardMailing.csproj", "{FF8E334E-70A0-457E-B404-B0BA18948A47}"
EndProject
Project("{FAE04EC0-301F-11D3-BF4B-00C04F79EFBC}") = "Tlumacov.OfficialBoard.Web", "Tlumacov.OfficialBoard.Web\Tlumacov.OfficialBoard.Web.csproj", "{5DAC79AE-8033-42D6-990A-F50C395F95E8}"
EndProject
Project("{FAE04EC0-301F-11D3-BF4B-00C04F79EFBC}") = "Tlumacov.OfficialBoard.Api", "Tlumacov.OfficialBoard.Api\Tlumacov.OfficialBoard.Api.csproj", "{5338823D-3BF2-4AB5-B8E5-D1565061DDD4}"
EndProject
Project("{FAE04EC0-301F-11D3-BF4B-00C04F79EFBC}") = "Tlumacov.OfficialBoard.Shared", "Tlumacov.OfficialBoard.Shared\Tlumacov.OfficialBoard.Shared.csproj", "{33A729E9-29B2-467D-B34D-EEA9BAD4837B}"
EndProject
Global
	GlobalSection(SolutionConfigurationPlatforms) = preSolution
		Debug|Any CPU = Debug|Any CPU
		Release|Any CPU = Release|Any CPU
	EndGlobalSection
	GlobalSection(ProjectConfigurationPlatforms) = postSolution
		{7E19D255-31A8-4EC0-8C7A-8F1727D8B8C0}.Debug|Any CPU.ActiveCfg = Debug|Any CPU
		{7E19D255-31A8-4EC0-8C7A-8F1727D8B8C0}.Debug|Any CPU.Build.0 = Debug|Any CPU
		{7E19D255-31A8-4EC0-8C7A-8F1727D8B8C0}.Release|Any CPU.ActiveCfg = Release|Any CPU
		{7E19D255-31A8-4EC0-8C7A-8F1727D8B8C0}.Release|Any CPU.Build.0 = Release|Any CPU
		{FF8E334E-70A0-457E-B404-B0BA18948A47}.Debug|Any CPU.ActiveCfg = Debug|Any CPU
		{FF8E334E-70A0-457E-B404-B0BA18948A47}.Debug|Any CPU.Build.0 = Debug|Any CPU
		{FF8E334E-70A0-457E-B404-B0BA18948A47}.Release|Any CPU.ActiveCfg = Release|Any CPU
		{FF8E334E-70A0-457E-B404-B0BA18948A47}.Release|Any CPU.Build.0 = Release|Any CPU
		{5DAC79AE-8033-42D6-990A-F50C395F95E8}.Debug|Any CPU.ActiveCfg = Debug|Any CPU
		{5DAC79AE-8033-42D6-990A-F50C395F95E8}.Debug|Any CPU.Build.0 = Debug|Any CPU
		{5DAC79AE-8033-42D6-990A-F50C395F95E8}.Release|Any CPU.ActiveCfg = Release|Any CPU
		{5DAC79AE-8033-42D6-990A-F50C395F95E8}.Release|Any CPU.Build.0 = Release|Any CPU
		{5338823D-3BF2-4AB5-B8E5-D1565061DDD4}.Debug|Any CPU.ActiveCfg = Debug|Any CPU
		{5338823D-3BF2-4AB5-B8E5-D1565061DDD4}.Debug|Any CPU.Build.0 = Debug|Any CPU
		{5338823D-3BF2-4AB5-B8E5-D1565061DDD4}.Release|Any CPU.ActiveCfg = Release|Any CPU
		{5338823D-3BF2-4AB5-B8E5-D1565061DDD4}.Release|Any CPU.Build.0 = Release|Any CPU
		{33A729E9-29B2-467D-B34D-EEA9BAD4837B}.Debug|Any CPU.ActiveCfg = Debug|Any CPU
		{33A729E9-29B2-467D-B34D-EEA9BAD4837B}.Debug|Any CPU.Build.0 = Debug|Any CPU
		{33A729E9-29B2-467D-B34D-EEA9BAD4837B}.Release|Any CPU.ActiveCfg = Release|Any CPU
		{33A729E9-29B2-467D-B34D-EEA9BAD4837B}.Release|Any CPU.Build.0 = Release|Any CPU
	EndGlobalSection
	GlobalSection(SolutionProperties) = preSolution
		HideSolutionNode = FALSE
	EndGlobalSection
	GlobalSection(ExtensibilityGlobals) = postSolution
		SolutionGuid = {A0C7477B-2A7C-4F0B-9DE4-BFA234BDA9BC}
	EndGlobalSection
EndGlobal
